// !$*UTF8*$!
{
	archiveVersion = 1;
	classes = {
	};
	objectVersion = 50;
	objects = {

/* Begin PBXBuildFile section */
		BD53C950225D652D008649AE /* AppDelegate.swift in Sources */ = {isa = PBXBuildFile; fileRef = BD53C94F225D652D008649AE /* AppDelegate.swift */; };
		BD53C952225D652D008649AE /* ViewController.swift in Sources */ = {isa = PBXBuildFile; fileRef = BD53C951225D652D008649AE /* ViewController.swift */; };
		BD53C955225D652D008649AE /* Main.storyboard in Resources */ = {isa = PBXBuildFile; fileRef = BD53C953225D652D008649AE /* Main.storyboard */; };
		BD53C957225D652E008649AE /* Assets.xcassets in Resources */ = {isa = PBXBuildFile; fileRef = BD53C956225D652E008649AE /* Assets.xcassets */; };
		BD53C95A225D652E008649AE /* LaunchScreen.storyboard in Resources */ = {isa = PBXBuildFile; fileRef = BD53C958225D652E008649AE /* LaunchScreen.storyboard */; };
		BD53C966225D662F008649AE /* TestViewController.swift in Sources */ = {isa = PBXBuildFile; fileRef = BD53C965225D662F008649AE /* TestViewController.swift */; };
		BD53C968225D664C008649AE /* AnotherTest.swift in Sources */ = {isa = PBXBuildFile; fileRef = BD53C967225D664C008649AE /* AnotherTest.swift */; };
		BD53C96C225D666F008649AE /* API.swift in Sources */ = {isa = PBXBuildFile; fileRef = BD53C96B225D666F008649AE /* API.swift */; };
/* End PBXBuildFile section */

/* Begin PBXFileReference section */
		BD53C94C225D652D008649AE /* Stack Overflow.app */ = {isa = PBXFileReference; explicitFileType = wrapper.application; includeInIndex = 0; path = "Stack Overflow.app"; sourceTree = BUILT_PRODUCTS_DIR; };
		BD53C94F225D652D008649AE /* AppDelegate.swift */ = {isa = PBXFileReference; lastKnownFileType = sourcecode.swift; path = AppDelegate.swift; sourceTree = "<group>"; };
		BD53C951225D652D008649AE /* ViewController.swift */ = {isa = PBXFileReference; lastKnownFileType = sourcecode.swift; path = ViewController.swift; sourceTree = "<group>"; };
		BD53C954225D652D008649AE /* Base */ = {isa = PBXFileReference; lastKnownFileType = file.storyboard; name = Base; path = Base.lproj/Main.storyboard; sourceTree = "<group>"; };
		BD53C956225D652E008649AE /* Assets.xcassets */ = {isa = PBXFileReference; lastKnownFileType = folder.assetcatalog; path = Assets.xcassets; sourceTree = "<group>"; };
		BD53C959225D652E008649AE /* Base */ = {isa = PBXFileReference; lastKnownFileType = file.storyboard; name = Base; path = Base.lproj/LaunchScreen.storyboard; sourceTree = "<group>"; };
		BD53C95B225D652E008649AE /* Info.plist */ = {isa = PBXFileReference; lastKnownFileType = text.plist.xml; path = Info.plist; sourceTree = "<group>"; };
		BD53C965225D662F008649AE /* TestViewController.swift */ = {isa = PBXFileReference; lastKnownFileType = sourcecode.swift; path = TestViewController.swift; sourceTree = "<group>"; };
		BD53C967225D664C008649AE /* AnotherTest.swift */ = {isa = PBXFileReference; lastKnownFileType = sourcecode.swift; path = AnotherTest.swift; sourceTree = "<group>"; };
		BD53C96B225D666F008649AE /* API.swift */ = {isa = PBXFileReference; lastKnownFileType = sourcecode.swift; path = API.swift; sourceTree = "<group>"; };
/* End PBXFileReference section */

/* Begin PBXFrameworksBuildPhase section */
		BD53C949225D652C008649AE /* Frameworks */ = {
			isa = PBXFrameworksBuildPhase;
			buildActionMask = 2147483647;
			files = (
			);
			runOnlyForDeploymentPostprocessing = 0;
		};
/* End PBXFrameworksBuildPhase section */

/* Begin PBXGroup section */
		BD53C943225D652C008649AE = {
			isa = PBXGroup;
			children = (
				BD53C94E225D652D008649AE /* Stack Overflow */,
				BD53C94D225D652D008649AE /* Products */,
			);
			sourceTree = "<group>";
		};
		BD53C94D225D652D008649AE /* Products */ = {
			isa = PBXGroup;
			children = (
				BD53C94C225D652D008649AE /* Stack Overflow.app */,
			);
			name = Products;
			sourceTree = "<group>";
		};
		BD53C94E225D652D008649AE /* Stack Overflow */ = {
			isa = PBXGroup;
			children = (
				BD53C969225D665A008649AE /* Services */,
				BD53C963225D65BA008649AE /* Screens */,
				BD53C962225D65B0008649AE /* Views */,
				BD53C961225D65A9008649AE /* Model */,
				BD53C94F225D652D008649AE /* AppDelegate.swift */,
				BD53C951225D652D008649AE /* ViewController.swift */,
				BD53C953225D652D008649AE /* Main.storyboard */,
				BD53C956225D652E008649AE /* Assets.xcassets */,
				BD53C958225D652E008649AE /* LaunchScreen.storyboard */,
				BD53C95B225D652E008649AE /* Info.plist */,
			);
			path = "Stack Overflow";
			sourceTree = "<group>";
		};
		BD53C961225D65A9008649AE /* Model */ = {
			isa = PBXGroup;
			children = (
			);
			path = Model;
			sourceTree = "<group>";
		};
		BD53C962225D65B0008649AE /* Views */ = {
			isa = PBXGroup;
			children = (
			);
			path = Views;
			sourceTree = "<group>";
		};
		BD53C963225D65BA008649AE /* Screens */ = {
			isa = PBXGroup;
			children = (
				BD53C964225D65CE008649AE /* Controllers */,
			);
			path = Screens;
			sourceTree = "<group>";
		};
		BD53C964225D65CE008649AE /* Controllers */ = {
			isa = PBXGroup;
			children = (
				BD53C965225D662F008649AE /* TestViewController.swift */,
				BD53C967225D664C008649AE /* AnotherTest.swift */,
			);
			name = Controllers;
			sourceTree = "<group>";
		};
		BD53C969225D665A008649AE /* Services */ = {
			isa = PBXGroup;
			children = (
				BD53C96A225D6661008649AE /* API */,
			);
			path = Services;
			sourceTree = "<group>";
		};
		BD53C96A225D6661008649AE /* API */ = {
			isa = PBXGroup;
			children = (
				BD53C96B225D666F008649AE /* API.swift */,
			);
			path = API;
			sourceTree = "<group>";
		};
/* End PBXGroup section */

/* Begin PBXNativeTarget section */
		BD53C94B225D652C008649AE /* Stack Overflow */ = {
			isa = PBXNativeTarget;
			buildConfigurationList = BD53C95E225D652E008649AE /* Build configuration list for PBXNativeTarget "Stack Overflow" */;
			buildPhases = (
				BD53C948225D652C008649AE /* Sources */,
				BD53C949225D652C008649AE /* Frameworks */,
				BD53C94A225D652C008649AE /* Resources */,
			);
			buildRules = (
			);
			dependencies = (
			);
			name = "Stack Overflow";
			productName = "Stack Overflow";
			productReference = BD53C94C225D652D008649AE /* Stack Overflow.app */;
			productType = "com.apple.product-type.application";
		};
/* End PBXNativeTarget section */

/* Begin PBXProject section */
		BD53C944225D652C008649AE /* Project object */ = {
			isa = PBXProject;
			attributes = {
				LastSwiftUpdateCheck = 1020;
				LastUpgradeCheck = 1020;
				ORGANIZATIONNAME = "Peter Gustafson";
				TargetAttributes = {
					BD53C94B225D652C008649AE = {
						CreatedOnToolsVersion = 10.2;
					};
				};
			};
			buildConfigurationList = BD53C947225D652C008649AE /* Build configuration list for PBXProject "Stack Overflow" */;
			compatibilityVersion = "Xcode 9.3";
			developmentRegion = en;
			hasScannedForEncodings = 0;
			knownRegions = (
				en,
				Base,
			);
			mainGroup = BD53C943225D652C008649AE;
			productRefGroup = BD53C94D225D652D008649AE /* Products */;
			projectDirPath = "";
			projectRoot = "";
			targets = (
				BD53C94B225D652C008649AE /* Stack Overflow */,
			);
		};
/* End PBXProject section */

/* Begin PBXResourcesBuildPhase section */
		BD53C94A225D652C008649AE /* Resources */ = {
			isa = PBXResourcesBuildPhase;
			buildActionMask = 2147483647;
			files = (
				BD53C95A225D652E008649AE /* LaunchScreen.storyboard in Resources */,
				BD53C957225D652E008649AE /* Assets.xcassets in Resources */,
				BD53C955225D652D008649AE /* Main.storyboard in Resources */,
			);
			runOnlyForDeploymentPostprocessing = 0;
		};
/* End PBXResourcesBuildPhase section */

/* Begin PBXSourcesBuildPhase section */
		BD53C948225D652C008649AE /* Sources */ = {
			isa = PBXSourcesBuildPhase;
			buildActionMask = 2147483647;
			files = (
				BD53C952225D652D008649AE /* ViewController.swift in Sources */,
				BD53C968225D664C008649AE /* AnotherTest.swift in Sources */,
				BD53C966225D662F008649AE /* TestViewController.swift in Sources */,
				BD53C950225D652D008649AE /* AppDelegate.swift in Sources */,
				BD53C96C225D666F008649AE /* API.swift in Sources */,
			);
			runOnlyForDeploymentPostprocessing = 0;
		};
/* End PBXSourcesBuildPhase section */

/* Begin PBXVariantGroup section */
		BD53C953225D652D008649AE /* Main.storyboard */ = {
			isa = PBXVariantGroup;
			children = (
				BD53C954225D652D008649AE /* Base */,
			);
			name = Main.storyboard;
			sourceTree = "<group>";
		};
		BD53C958225D652E008649AE /* LaunchScreen.storyboard */ = {
			isa = PBXVariantGroup;
			children = (
				BD53C959225D652E008649AE /* Base */,
			);
			name = LaunchScreen.storyboard;
			sourceTree = "<group>";
		};
/* End PBXVariantGroup section */

/* Begin XCBuildConfiguration section */
		BD53C95C225D652E008649AE /* Debug */ = {
			isa = XCBuildConfiguration;
			buildSettings = {
				ALWAYS_SEARCH_USER_PATHS = NO;
				CLANG_ANALYZER_NONNULL = YES;
				CLANG_ANALYZER_NUMBER_OBJECT_CONVERSION = YES_AGGRESSIVE;
				CLANG_CXX_LANGUAGE_STANDARD = "gnu++14";
				CLANG_CXX_LIBRARY = "libc++";
				CLANG_ENABLE_MODULES = YES;
				CLANG_ENABLE_OBJC_ARC = YES;
				CLANG_ENABLE_OBJC_WEAK = YES;
				CLANG_WARN_BLOCK_CAPTURE_AUTORELEASING = YES;
				CLANG_WARN_BOOL_CONVERSION = YES;
				CLANG_WARN_COMMA = YES;
				CLANG_WARN_CONSTANT_CONVERSION = YES;
				CLANG_WARN_DEPRECATED_OBJC_IMPLEMENTATIONS = YES;
				CLANG_WARN_DIRECT_OBJC_ISA_USAGE = YES_ERROR;
				CLANG_WARN_DOCUMENTATION_COMMENTS = YES;
				CLANG_WARN_EMPTY_BODY = YES;
				CLANG_WARN_ENUM_CONVERSION = YES;
				CLANG_WARN_INFINITE_RECURSION = YES;
				CLANG_WARN_INT_CONVERSION = YES;
				CLANG_WARN_NON_LITERAL_NULL_CONVERSION = YES;
				CLANG_WARN_OBJC_IMPLICIT_RETAIN_SELF = YES;
				CLANG_WARN_OBJC_LITERAL_CONVERSION = YES;
				CLANG_WARN_OBJC_ROOT_CLASS = YES_ERROR;
				CLANG_WARN_RANGE_LOOP_ANALYSIS = YES;
				CLANG_WARN_STRICT_PROTOTYPES = YES;
				CLANG_WARN_SUSPICIOUS_MOVE = YES;
				CLANG_WARN_UNGUARDED_AVAILABILITY = YES_AGGRESSIVE;
				CLANG_WARN_UNREACHABLE_CODE = YES;
				CLANG_WARN__DUPLICATE_METHOD_MATCH = YES;
				CODE_SIGN_IDENTITY = "iPhone Developer";
				COPY_PHASE_STRIP = NO;
				DEBUG_INFORMATION_FORMAT = dwarf;
				ENABLE_STRICT_OBJC_MSGSEND = YES;
				ENABLE_TESTABILITY = YES;
				GCC_C_LANGUAGE_STANDARD = gnu11;
				GCC_DYNAMIC_NO_PIC = NO;
				GCC_NO_COMMON_BLOCKS = YES;
				GCC_OPTIMIZATION_LEVEL = 0;
				GCC_PREPROCESSOR_DEFINITIONS = (
					"DEBUG=1",
					"$(inherited)",
				);
				GCC_WARN_64_TO_32_BIT_CONVERSION = YES;
				GCC_WARN_ABOUT_RETURN_TYPE = YES_ERROR;
				GCC_WARN_UNDECLARED_SELECTOR = YES;
				GCC_WARN_UNINITIALIZED_AUTOS = YES_AGGRESSIVE;
				GCC_WARN_UNUSED_FUNCTION = YES;
				GCC_WARN_UNUSED_VARIABLE = YES;
				IPHONEOS_DEPLOYMENT_TARGET = 12.2;
				MTL_ENABLE_DEBUG_INFO = INCLUDE_SOURCE;
				MTL_FAST_MATH = YES;
				ONLY_ACTIVE_ARCH = YES;
				SDKROOT = iphoneos;
				SWIFT_ACTIVE_COMPILATION_CONDITIONS = DEBUG;
				SWIFT_OPTIMIZATION_LEVEL = "-Onone";
			};
			name = Debug;
		};
		BD53C95D225D652E008649AE /* Release */ = {
			isa = XCBuildConfiguration;
			buildSettings = {
				ALWAYS_SEARCH_USER_PATHS = NO;
				CLANG_ANALYZER_NONNULL = YES;
				CLANG_ANALYZER_NUMBER_OBJECT_CONVERSION = YES_AGGRESSIVE;
				CLANG_CXX_LANGUAGE_STANDARD = "gnu++14";
				CLANG_CXX_LIBRARY = "libc++";
				CLANG_ENABLE_MODULES = YES;
				CLANG_ENABLE_OBJC_ARC = YES;
				CLANG_ENABLE_OBJC_WEAK = YES;
				CLANG_WARN_BLOCK_CAPTURE_AUTORELEASING = YES;
				CLANG_WARN_BOOL_CONVERSION = YES;
				CLANG_WARN_COMMA = YES;
				CLANG_WARN_CONSTANT_CONVERSION = YES;
				CLANG_WARN_DEPRECATED_OBJC_IMPLEMENTATIONS = YES;
				CLANG_WARN_DIRECT_OBJC_ISA_USAGE = YES_ERROR;
				CLANG_WARN_DOCUMENTATION_COMMENTS = YES;
				CLANG_WARN_EMPTY_BODY = YES;
				CLANG_WARN_ENUM_CONVERSION = YES;
				CLANG_WARN_INFINITE_RECURSION = YES;
				CLANG_WARN_INT_CONVERSION = YES;
				CLANG_WARN_NON_LITERAL_NULL_CONVERSION = YES;
				CLANG_WARN_OBJC_IMPLICIT_RETAIN_SELF = YES;
				CLANG_WARN_OBJC_LITERAL_CONVERSION = YES;
				CLANG_WARN_OBJC_ROOT_CLASS = YES_ERROR;
				CLANG_WARN_RANGE_LOOP_ANALYSIS = YES;
				CLANG_WARN_STRICT_PROTOTYPES = YES;
				CLANG_WARN_SUSPICIOUS_MOVE = YES;
				CLANG_WARN_UNGUARDED_AVAILABILITY = YES_AGGRESSIVE;
				CLANG_WARN_UNREACHABLE_CODE = YES;
				CLANG_WARN__DUPLICATE_METHOD_MATCH = YES;
				CODE_SIGN_IDENTITY = "iPhone Developer";
				COPY_PHASE_STRIP = NO;
				DEBUG_INFORMATION_FORMAT = "dwarf-with-dsym";
				ENABLE_NS_ASSERTIONS = NO;
				ENABLE_STRICT_OBJC_MSGSEND = YES;
				GCC_C_LANGUAGE_STANDARD = gnu11;
				GCC_NO_COMMON_BLOCKS = YES;
				GCC_WARN_64_TO_32_BIT_CONVERSION = YES;
				GCC_WARN_ABOUT_RETURN_TYPE = YES_ERROR;
				GCC_WARN_UNDECLARED_SELECTOR = YES;
				GCC_WARN_UNINITIALIZED_AUTOS = YES_AGGRESSIVE;
				GCC_WARN_UNUSED_FUNCTION = YES;
				GCC_WARN_UNUSED_VARIABLE = YES;
				IPHONEOS_DEPLOYMENT_TARGET = 12.2;
				MTL_ENABLE_DEBUG_INFO = NO;
				MTL_FAST_MATH = YES;
				SDKROOT = iphoneos;
				SWIFT_COMPILATION_MODE = wholemodule;
				SWIFT_OPTIMIZATION_LEVEL = "-O";
				VALIDATE_PRODUCT = YES;
			};
			name = Release;
		};
		BD53C95F225D652E008649AE /* Debug */ = {
			isa = XCBuildConfiguration;
			buildSettings = {
				ASSETCATALOG_COMPILER_APPICON_NAME = AppIcon;
				CODE_SIGN_STYLE = Automatic;
				DEVELOPMENT_TEAM = 7GBP62H9N6;
				INFOPLIST_FILE = "Stack Overflow/Info.plist";
				LD_RUNPATH_SEARCH_PATHS = (
					"$(inherited)",
					"@executable_path/Frameworks",
				);
				PRODUCT_BUNDLE_IDENTIFIER = "com.peterlgustafson.Stack-Overflow";
				PRODUCT_NAME = "$(TARGET_NAME)";
				SWIFT_VERSION = 5.0;
				TARGETED_DEVICE_FAMILY = "1,2";
			};
			name = Debug;
		};
		BD53C960225D652E008649AE /* Release */ = {
			isa = XCBuildConfiguration;
			buildSettings = {
				ASSETCATALOG_COMPILER_APPICON_NAME = AppIcon;
				CODE_SIGN_STYLE = Automatic;
				DEVELOPMENT_TEAM = 7GBP62H9N6;
				INFOPLIST_FILE = "Stack Overflow/Info.plist";
				LD_RUNPATH_SEARCH_PATHS = (
					"$(inherited)",
					"@executable_path/Frameworks",
				);
				PRODUCT_BUNDLE_IDENTIFIER = "com.peterlgustafson.Stack-Overflow";
				PRODUCT_NAME = "$(TARGET_NAME)";
				SWIFT_VERSION = 5.0;
				TARGETED_DEVICE_FAMILY = "1,2";
			};
			name = Release;
		};
/* End XCBuildConfiguration section */

/* Begin XCConfigurationList section */
		BD53C947225D652C008649AE /* Build configuration list for PBXProject "Stack Overflow" */ = {
			isa = XCConfigurationList;
			buildConfigurations = (
				BD53C95C225D652E008649AE /* Debug */,
				BD53C95D225D652E008649AE /* Release */,
			);
			defaultConfigurationIsVisible = 0;
			defaultConfigurationName = Release;
		};
		BD53C95E225D652E008649AE /* Build configuration list for PBXNativeTarget "Stack Overflow" */ = {
			isa = XCConfigurationList;
			buildConfigurations = (
				BD53C95F225D652E008649AE /* Debug */,
				BD53C960225D652E008649AE /* Release */,
			);
			defaultConfigurationIsVisible = 0;
			defaultConfigurationName = Release;
		};
/* End XCConfigurationList section */
	};
	rootObject = BD53C944225D652C008649AE /* Project object */;
}
